
Microsoft Visual Studio Solution File, Format Version 12.00
# Visual Studio Version 16
VisualStudioVersion = 16.0.28407.52
MinimumVisualStudioVersion = 10.0.40219.1
Project("{2150E333-8FDC-42A3-9474-1A3956D46DE8}") = "Build", "Build", "{061866E2-005C-4D13-A338-EA464BBEC60F}"
	ProjectSection(SolutionItems) = preProject
		..\changelog.md = ..\changelog.md
		..\.github\workflows\ci.yml = ..\.github\workflows\ci.yml
		..\license.txt = ..\license.txt
		..\readme.md = ..\readme.md
		..\.editorconfig = ..\.editorconfig
		..\.gitattributes = ..\.gitattributes
		..\.gitignore = ..\.gitignore
	EndProjectSection
EndProject
Project("{9A19103F-16F7-4668-BE54-9A1E7A4F7556}") = "Markdig", "Markdig\Markdig.csproj", "{8A58A7E2-627C-4F41-933F-5AC92ADFAB48}"
EndProject
Project("{9A19103F-16F7-4668-BE54-9A1E7A4F7556}") = "Markdig.Tests", "Markdig.Tests\Markdig.Tests.csproj", "{A0C5CB5F-5568-40AB-B945-D6D2664D51B0}"
	ProjectSection(ProjectDependencies) = postProject
		{8A58A7E2-627C-4F41-933F-5AC92ADFAB48} = {8A58A7E2-627C-4F41-933F-5AC92ADFAB48}
	EndProjectSection
EndProject
Project("{9A19103F-16F7-4668-BE54-9A1E7A4F7556}") = "Markdig.Benchmarks", "Markdig.Benchmarks\Markdig.Benchmarks.csproj", "{6A19F040-BC7C-4283-873A-177B5324F1ED}"
	ProjectSection(ProjectDependencies) = postProject
		{8A58A7E2-627C-4F41-933F-5AC92ADFAB48} = {8A58A7E2-627C-4F41-933F-5AC92ADFAB48}
	EndProjectSection
EndProject
Project("{9A19103F-16F7-4668-BE54-9A1E7A4F7556}") = "Markdig.WebApp", "Markdig.WebApp\Markdig.WebApp.csproj", "{3CAD9801-9976-46BE-BACA-F6D0D21FDC00}"
EndProject
Project("{9A19103F-16F7-4668-BE54-9A1E7A4F7556}") = "UnicodeNormDApp", "UnicodeNormDApp\UnicodeNormDApp.csproj", "{33FFC0B9-0187-44F9-9424-BB5AF5B4FB84}"
EndProject
Project("{9A19103F-16F7-4668-BE54-9A1E7A4F7556}") = "mdtoc", "mdtoc\mdtoc.csproj", "{E3CDFF0F-5BFC-42E9-BDBA-2797651900A2}"
EndProject
Project("{9A19103F-16F7-4668-BE54-9A1E7A4F7556}") = "SpecFileGen", "SpecFileGen\SpecFileGen.csproj", "{DB6E2ED5-7884-4E97-84AF-35E2480CF685}"
EndProject
Global
	GlobalSection(SolutionConfigurationPlatforms) = preSolution
		Debug|Any CPU = Debug|Any CPU
		Release|Any CPU = Release|Any CPU
	EndGlobalSection
	GlobalSection(ProjectConfigurationPlatforms) = postSolution
		{8A58A7E2-627C-4F41-933F-5AC92ADFAB48}.Debug|Any CPU.ActiveCfg = Debug|Any CPU
		{8A58A7E2-627C-4F41-933F-5AC92ADFAB48}.Debug|Any CPU.Build.0 = Debug|Any CPU
		{8A58A7E2-627C-4F41-933F-5AC92ADFAB48}.Release|Any CPU.ActiveCfg = Release|Any CPU
		{8A58A7E2-627C-4F41-933F-5AC92ADFAB48}.Release|Any CPU.Build.0 = Release|Any CPU
		{A0C5CB5F-5568-40AB-B945-D6D2664D51B0}.Debug|Any CPU.ActiveCfg = Debug|Any CPU
		{A0C5CB5F-5568-40AB-B945-D6D2664D51B0}.Debug|Any CPU.Build.0 = Debug|Any CPU
		{A0C5CB5F-5568-40AB-B945-D6D2664D51B0}.Release|Any CPU.ActiveCfg = Release|Any CPU
		{A0C5CB5F-5568-40AB-B945-D6D2664D51B0}.Release|Any CPU.Build.0 = Release|Any CPU
		{6A19F040-BC7C-4283-873A-177B5324F1ED}.Debug|Any CPU.ActiveCfg = Debug|Any CPU
		{6A19F040-BC7C-4283-873A-177B5324F1ED}.Debug|Any CPU.Build.0 = Debug|Any CPU
		{6A19F040-BC7C-4283-873A-177B5324F1ED}.Release|Any CPU.ActiveCfg = Release|Any CPU
		{6A19F040-BC7C-4283-873A-177B5324F1ED}.Release|Any CPU.Build.0 = Release|Any CPU
		{3CAD9801-9976-46BE-BACA-F6D0D21FDC00}.Debug|Any CPU.ActiveCfg = Debug|Any CPU
		{3CAD9801-9976-46BE-BACA-F6D0D21FDC00}.Debug|Any CPU.Build.0 = Debug|Any CPU
		{3CAD9801-9976-46BE-BACA-F6D0D21FDC00}.Release|Any CPU.ActiveCfg = Release|Any CPU
		{3CAD9801-9976-46BE-BACA-F6D0D21FDC00}.Release|Any CPU.Build.0 = Release|Any CPU
		{33FFC0B9-0187-44F9-9424-BB5AF5B4FB84}.Debug|Any CPU.ActiveCfg = Debug|Any CPU
		{33FFC0B9-0187-44F9-9424-BB5AF5B4FB84}.Debug|Any CPU.Build.0 = Debug|Any CPU
		{33FFC0B9-0187-44F9-9424-BB5AF5B4FB84}.Release|Any CPU.ActiveCfg = Release|Any CPU
		{33FFC0B9-0187-44F9-9424-BB5AF5B4FB84}.Release|Any CPU.Build.0 = Release|Any CPU
		{E3CDFF0F-5BFC-42E9-BDBA-2797651900A2}.Debug|Any CPU.ActiveCfg = Debug|Any CPU
		{E3CDFF0F-5BFC-42E9-BDBA-2797651900A2}.Debug|Any CPU.Build.0 = Debug|Any CPU
		{E3CDFF0F-5BFC-42E9-BDBA-2797651900A2}.Release|Any CPU.ActiveCfg = Release|Any CPU
		{E3CDFF0F-5BFC-42E9-BDBA-2797651900A2}.Release|Any CPU.Build.0 = Release|Any CPU
		{DB6E2ED5-7884-4E97-84AF-35E2480CF685}.Debug|Any CPU.ActiveCfg = Debug|Any CPU
		{DB6E2ED5-7884-4E97-84AF-35E2480CF685}.Debug|Any CPU.Build.0 = Debug|Any CPU
		{DB6E2ED5-7884-4E97-84AF-35E2480CF685}.Release|Any CPU.ActiveCfg = Release|Any CPU
		{DB6E2ED5-7884-4E97-84AF-35E2480CF685}.Release|Any CPU.Build.0 = Release|Any CPU
	EndGlobalSection
	GlobalSection(SolutionProperties) = preSolution
		HideSolutionNode = FALSE
	EndGlobalSection
	GlobalSection(ExtensibilityGlobals) = postSolution
		SolutionGuid = {D068F7B6-6ACC-456C-A2E1-10EA746D956D}
	EndGlobalSection
EndGlobal
